// !$*UTF8*$!
{
	archiveVersion = 1;
	classes = {
	};
	objectVersion = 56;
	objects = {

/* Begin PBXBuildFile section */
		C7D2126E29D42AF20081D7EB /* GoogleMobileAds in Frameworks */ = {isa = PBXBuildFile; productRef = C7D2126D29D42AF20081D7EB /* GoogleMobileAds */; };
		C7D2127029D42BA10081D7EB /* GADConfig.json in Resources */ = {isa = PBXBuildFile; fileRef = C7D2126F29D42BA10081D7EB /* GADConfig.json */; };
		C7D2127229D42CB70081D7EB /* GADUtil.swift in Sources */ = {isa = PBXBuildFile; fileRef = C7D2127129D42CB70081D7EB /* GADUtil.swift */; };
		C7D2127429D42F300081D7EB /* GADNativeView.swift in Sources */ = {isa = PBXBuildFile; fileRef = C7D2127329D42F300081D7EB /* GADNativeView.swift */; };
		C7D4AE5F29CD883B005CD7BA /* UIViewUtil.swift in Sources */ = {isa = PBXBuildFile; fileRef = C7D4AE5E29CD883B005CD7BA /* UIViewUtil.swift */; };
		C7D4AE6129CD97B7005CD7BA /* BrowserUtil.swift in Sources */ = {isa = PBXBuildFile; fileRef = C7D4AE6029CD97B7005CD7BA /* BrowserUtil.swift */; };
		C7D4AE6429CD9EBC005CD7BA /* BrowserListVC.swift in Sources */ = {isa = PBXBuildFile; fileRef = C7D4AE6229CD9EBC005CD7BA /* BrowserListVC.swift */; };
		C7D4AE6529CD9EBC005CD7BA /* BrowserListVC.xib in Resources */ = {isa = PBXBuildFile; fileRef = C7D4AE6329CD9EBC005CD7BA /* BrowserListVC.xib */; };
		C7D4AE6729CEC26B005CD7BA /* SettingView.swift in Sources */ = {isa = PBXBuildFile; fileRef = C7D4AE6629CEC26B005CD7BA /* SettingView.swift */; };
		C7D4AE6A29CED4EB005CD7BA /* TermsVC.swift in Sources */ = {isa = PBXBuildFile; fileRef = C7D4AE6829CED4EB005CD7BA /* TermsVC.swift */; };
		C7D4AE6B29CED4EB005CD7BA /* TermsVC.xib in Resources */ = {isa = PBXBuildFile; fileRef = C7D4AE6929CED4EB005CD7BA /* TermsVC.xib */; };
		C7D4AE6D29CED9F3005CD7BA /* CleanView.swift in Sources */ = {isa = PBXBuildFile; fileRef = C7D4AE6C29CED9F3005CD7BA /* CleanView.swift */; };
		C7D4AE7029CEE40D005CD7BA /* CleanVC.swift in Sources */ = {isa = PBXBuildFile; fileRef = C7D4AE6E29CEE40D005CD7BA /* CleanVC.swift */; };
		C7D4AE7129CEE40D005CD7BA /* CleanVC.xib in Resources */ = {isa = PBXBuildFile; fileRef = C7D4AE6F29CEE40D005CD7BA /* CleanVC.xib */; };
		C7D4AE7329CEEAE9005CD7BA /* FIrebaseUtil.swift in Sources */ = {isa = PBXBuildFile; fileRef = C7D4AE7229CEEAE9005CD7BA /* FIrebaseUtil.swift */; };
		C7D4AE8529D1610F005CD7BA /* FirebaseAnalytics in Frameworks */ = {isa = PBXBuildFile; productRef = C7D4AE8429D1610F005CD7BA /* FirebaseAnalytics */; };
		C7D4AE8729D1610F005CD7BA /* FirebaseCrashlytics in Frameworks */ = {isa = PBXBuildFile; productRef = C7D4AE8629D1610F005CD7BA /* FirebaseCrashlytics */; };
		C7D4AE8929D1610F005CD7BA /* FirebaseRemoteConfig in Frameworks */ = {isa = PBXBuildFile; productRef = C7D4AE8829D1610F005CD7BA /* FirebaseRemoteConfig */; };
		C7D4AE8C29D16178005CD7BA /* FacebookAEM in Frameworks */ = {isa = PBXBuildFile; productRef = C7D4AE8B29D16178005CD7BA /* FacebookAEM */; };
		C7D4AE8E29D16178005CD7BA /* FacebookBasics in Frameworks */ = {isa = PBXBuildFile; productRef = C7D4AE8D29D16178005CD7BA /* FacebookBasics */; };
		C7D4AE9029D16178005CD7BA /* FacebookCore in Frameworks */ = {isa = PBXBuildFile; productRef = C7D4AE8F29D16178005CD7BA /* FacebookCore */; };
		C7D4AE9F29D2D055005CD7BA /* GoogleService-Info.plist in Resources */ = {isa = PBXBuildFile; fileRef = C7D4AE9E29D2D054005CD7BA /* GoogleService-Info.plist */; };
		C7D90D2F29CD7418000F128B /* AppDelegate.swift in Sources */ = {isa = PBXBuildFile; fileRef = C7D90D2E29CD7418000F128B /* AppDelegate.swift */; };
		C7D90D3129CD7418000F128B /* SceneDelegate.swift in Sources */ = {isa = PBXBuildFile; fileRef = C7D90D3029CD7418000F128B /* SceneDelegate.swift */; };
		C7D90D3629CD7418000F128B /* Main.storyboard in Resources */ = {isa = PBXBuildFile; fileRef = C7D90D3429CD7418000F128B /* Main.storyboard */; };
		C7D90D3829CD741A000F128B /* Assets.xcassets in Resources */ = {isa = PBXBuildFile; fileRef = C7D90D3729CD741A000F128B /* Assets.xcassets */; };
		C7D90D3B29CD741A000F128B /* LaunchScreen.storyboard in Resources */ = {isa = PBXBuildFile; fileRef = C7D90D3929CD741A000F128B /* LaunchScreen.storyboard */; };
		C7D90D4329CD79B9000F128B /* Launch Screen.storyboard in Resources */ = {isa = PBXBuildFile; fileRef = C7D90D4229CD79B9000F128B /* Launch Screen.storyboard */; };
		C7D90D4929CD7C06000F128B /* AppUtil.swift in Sources */ = {isa = PBXBuildFile; fileRef = C7D90D4829CD7C06000F128B /* AppUtil.swift */; };
		C7D90D4C29CD7D0F000F128B /* LaunchVC.swift in Sources */ = {isa = PBXBuildFile; fileRef = C7D90D4A29CD7D0F000F128B /* LaunchVC.swift */; };
		C7D90D4D29CD7D0F000F128B /* LaunchVC.xib in Resources */ = {isa = PBXBuildFile; fileRef = C7D90D4B29CD7D0F000F128B /* LaunchVC.xib */; };
		C7D90D5229CD7D27000F128B /* HomeVC.swift in Sources */ = {isa = PBXBuildFile; fileRef = C7D90D5029CD7D27000F128B /* HomeVC.swift */; };
		C7D90D5329CD7D27000F128B /* HomeVC.xib in Resources */ = {isa = PBXBuildFile; fileRef = C7D90D5129CD7D27000F128B /* HomeVC.xib */; };
/* End PBXBuildFile section */

/* Begin PBXFileReference section */
		C7D2126F29D42BA10081D7EB /* GADConfig.json */ = {isa = PBXFileReference; fileEncoding = 4; lastKnownFileType = text.json; path = GADConfig.json; sourceTree = "<group>"; };
		C7D2127129D42CB70081D7EB /* GADUtil.swift */ = {isa = PBXFileReference; lastKnownFileType = sourcecode.swift; path = GADUtil.swift; sourceTree = "<group>"; };
		C7D2127329D42F300081D7EB /* GADNativeView.swift */ = {isa = PBXFileReference; lastKnownFileType = sourcecode.swift; path = GADNativeView.swift; sourceTree = "<group>"; };
		C7D4AE5E29CD883B005CD7BA /* UIViewUtil.swift */ = {isa = PBXFileReference; lastKnownFileType = sourcecode.swift; path = UIViewUtil.swift; sourceTree = "<group>"; };
		C7D4AE6029CD97B7005CD7BA /* BrowserUtil.swift */ = {isa = PBXFileReference; lastKnownFileType = sourcecode.swift; path = BrowserUtil.swift; sourceTree = "<group>"; };
		C7D4AE6229CD9EBC005CD7BA /* BrowserListVC.swift */ = {isa = PBXFileReference; lastKnownFileType = sourcecode.swift; path = BrowserListVC.swift; sourceTree = "<group>"; };
		C7D4AE6329CD9EBC005CD7BA /* BrowserListVC.xib */ = {isa = PBXFileReference; lastKnownFileType = file.xib; path = BrowserListVC.xib; sourceTree = "<group>"; };
		C7D4AE6629CEC26B005CD7BA /* SettingView.swift */ = {isa = PBXFileReference; lastKnownFileType = sourcecode.swift; path = SettingView.swift; sourceTree = "<group>"; };
		C7D4AE6829CED4EB005CD7BA /* TermsVC.swift */ = {isa = PBXFileReference; lastKnownFileType = sourcecode.swift; path = TermsVC.swift; sourceTree = "<group>"; };
		C7D4AE6929CED4EB005CD7BA /* TermsVC.xib */ = {isa = PBXFileReference; lastKnownFileType = file.xib; path = TermsVC.xib; sourceTree = "<group>"; };
		C7D4AE6C29CED9F3005CD7BA /* CleanView.swift */ = {isa = PBXFileReference; lastKnownFileType = sourcecode.swift; path = CleanView.swift; sourceTree = "<group>"; };
		C7D4AE6E29CEE40D005CD7BA /* CleanVC.swift */ = {isa = PBXFileReference; lastKnownFileType = sourcecode.swift; path = CleanVC.swift; sourceTree = "<group>"; };
		C7D4AE6F29CEE40D005CD7BA /* CleanVC.xib */ = {isa = PBXFileReference; lastKnownFileType = file.xib; path = CleanVC.xib; sourceTree = "<group>"; };
		C7D4AE7229CEEAE9005CD7BA /* FIrebaseUtil.swift */ = {isa = PBXFileReference; lastKnownFileType = sourcecode.swift; path = FIrebaseUtil.swift; sourceTree = "<group>"; };
		C7D4AE9E29D2D054005CD7BA /* GoogleService-Info.plist */ = {isa = PBXFileReference; fileEncoding = 4; lastKnownFileType = text.plist.xml; path = "GoogleService-Info.plist"; sourceTree = "<group>"; };
		C7D90D2B29CD7418000F128B /* PointingBrowser.app */ = {isa = PBXFileReference; explicitFileType = wrapper.application; includeInIndex = 0; path = PointingBrowser.app; sourceTree = BUILT_PRODUCTS_DIR; };
		C7D90D2E29CD7418000F128B /* AppDelegate.swift */ = {isa = PBXFileReference; lastKnownFileType = sourcecode.swift; path = AppDelegate.swift; sourceTree = "<group>"; };
		C7D90D3029CD7418000F128B /* SceneDelegate.swift */ = {isa = PBXFileReference; lastKnownFileType = sourcecode.swift; path = SceneDelegate.swift; sourceTree = "<group>"; };
		C7D90D3529CD7418000F128B /* Base */ = {isa = PBXFileReference; lastKnownFileType = file.storyboard; name = Base; path = Base.lproj/Main.storyboard; sourceTree = "<group>"; };
		C7D90D3729CD741A000F128B /* Assets.xcassets */ = {isa = PBXFileReference; lastKnownFileType = folder.assetcatalog; path = Assets.xcassets; sourceTree = "<group>"; };
		C7D90D3A29CD741A000F128B /* Base */ = {isa = PBXFileReference; lastKnownFileType = file.storyboard; name = Base; path = Base.lproj/LaunchScreen.storyboard; sourceTree = "<group>"; };
		C7D90D3C29CD741A000F128B /* Info.plist */ = {isa = PBXFileReference; lastKnownFileType = text.plist.xml; path = Info.plist; sourceTree = "<group>"; };
		C7D90D4229CD79B9000F128B /* Launch Screen.storyboard */ = {isa = PBXFileReference; lastKnownFileType = file.storyboard; path = "Launch Screen.storyboard"; sourceTree = "<group>"; };
		C7D90D4829CD7C06000F128B /* AppUtil.swift */ = {isa = PBXFileReference; lastKnownFileType = sourcecode.swift; path = AppUtil.swift; sourceTree = "<group>"; };
		C7D90D4A29CD7D0F000F128B /* LaunchVC.swift */ = {isa = PBXFileReference; lastKnownFileType = sourcecode.swift; path = LaunchVC.swift; sourceTree = "<group>"; };
		C7D90D4B29CD7D0F000F128B /* LaunchVC.xib */ = {isa = PBXFileReference; lastKnownFileType = file.xib; path = LaunchVC.xib; sourceTree = "<group>"; };
		C7D90D5029CD7D27000F128B /* HomeVC.swift */ = {isa = PBXFileReference; lastKnownFileType = sourcecode.swift; path = HomeVC.swift; sourceTree = "<group>"; };
		C7D90D5129CD7D27000F128B /* HomeVC.xib */ = {isa = PBXFileReference; lastKnownFileType = file.xib; path = HomeVC.xib; sourceTree = "<group>"; };
/* End PBXFileReference section */

/* Begin PBXFrameworksBuildPhase section */
		C7D90D2829CD7418000F128B /* Frameworks */ = {
			isa = PBXFrameworksBuildPhase;
			buildActionMask = 2147483647;
			files = (
				C7D4AE8C29D16178005CD7BA /* FacebookAEM in Frameworks */,
				C7D4AE9029D16178005CD7BA /* FacebookCore in Frameworks */,
				C7D4AE8929D1610F005CD7BA /* FirebaseRemoteConfig in Frameworks */,
				C7D4AE8E29D16178005CD7BA /* FacebookBasics in Frameworks */,
				C7D4AE8529D1610F005CD7BA /* FirebaseAnalytics in Frameworks */,
				C7D4AE8729D1610F005CD7BA /* FirebaseCrashlytics in Frameworks */,
				C7D2126E29D42AF20081D7EB /* GoogleMobileAds in Frameworks */,
			);
			runOnlyForDeploymentPostprocessing = 0;
		};
/* End PBXFrameworksBuildPhase section */

/* Begin PBXGroup section */
		C7D90D2229CD7418000F128B = {
			isa = PBXGroup;
			children = (
				C7D90D2D29CD7418000F128B /* PointingBrowser */,
				C7D90D2C29CD7418000F128B /* Products */,
			);
			sourceTree = "<group>";
		};
		C7D90D2C29CD7418000F128B /* Products */ = {
			isa = PBXGroup;
			children = (
				C7D90D2B29CD7418000F128B /* PointingBrowser.app */,
			);
			name = Products;
			sourceTree = "<group>";
		};
		C7D90D2D29CD7418000F128B /* PointingBrowser */ = {
			isa = PBXGroup;
			children = (
				C7D90D4829CD7C06000F128B /* AppUtil.swift */,
				C7D4AE6029CD97B7005CD7BA /* BrowserUtil.swift */,
				C7D2127129D42CB70081D7EB /* GADUtil.swift */,
				C7D2127329D42F300081D7EB /* GADNativeView.swift */,
				C7D4AE7229CEEAE9005CD7BA /* FIrebaseUtil.swift */,
				C7D4AE5E29CD883B005CD7BA /* UIViewUtil.swift */,
				C7D90D2E29CD7418000F128B /* AppDelegate.swift */,
				C7D90D3029CD7418000F128B /* SceneDelegate.swift */,
				C7D90D4A29CD7D0F000F128B /* LaunchVC.swift */,
				C7D90D4B29CD7D0F000F128B /* LaunchVC.xib */,
				C7D90D5029CD7D27000F128B /* HomeVC.swift */,
				C7D90D5129CD7D27000F128B /* HomeVC.xib */,
				C7D4AE6829CED4EB005CD7BA /* TermsVC.swift */,
				C7D4AE6929CED4EB005CD7BA /* TermsVC.xib */,
				C7D4AE6E29CEE40D005CD7BA /* CleanVC.swift */,
				C7D4AE6F29CEE40D005CD7BA /* CleanVC.xib */,
				C7D4AE6629CEC26B005CD7BA /* SettingView.swift */,
				C7D4AE6C29CED9F3005CD7BA /* CleanView.swift */,
				C7D4AE6229CD9EBC005CD7BA /* BrowserListVC.swift */,
				C7D4AE6329CD9EBC005CD7BA /* BrowserListVC.xib */,
				C7D90D4229CD79B9000F128B /* Launch Screen.storyboard */,
				C7D4AE9E29D2D054005CD7BA /* GoogleService-Info.plist */,
				C7D90D3429CD7418000F128B /* Main.storyboard */,
				C7D90D3729CD741A000F128B /* Assets.xcassets */,
				C7D90D3929CD741A000F128B /* LaunchScreen.storyboard */,
				C7D2126F29D42BA10081D7EB /* GADConfig.json */,
				C7D90D3C29CD741A000F128B /* Info.plist */,
			);
			path = PointingBrowser;
			sourceTree = "<group>";
		};
/* End PBXGroup section */

/* Begin PBXNativeTarget section */
		C7D90D2A29CD7418000F128B /* PointingBrowser */ = {
			isa = PBXNativeTarget;
			buildConfigurationList = C7D90D3F29CD741A000F128B /* Build configuration list for PBXNativeTarget "PointingBrowser" */;
			buildPhases = (
				C7D90D2729CD7418000F128B /* Sources */,
				C7D90D2829CD7418000F128B /* Frameworks */,
				C7D90D2929CD7418000F128B /* Resources */,
			);
			buildRules = (
			);
			dependencies = (
			);
			name = PointingBrowser;
			packageProductDependencies = (
				C7D4AE8429D1610F005CD7BA /* FirebaseAnalytics */,
				C7D4AE8629D1610F005CD7BA /* FirebaseCrashlytics */,
				C7D4AE8829D1610F005CD7BA /* FirebaseRemoteConfig */,
				C7D4AE8B29D16178005CD7BA /* FacebookAEM */,
				C7D4AE8D29D16178005CD7BA /* FacebookBasics */,
				C7D4AE8F29D16178005CD7BA /* FacebookCore */,
				C7D2126D29D42AF20081D7EB /* GoogleMobileAds */,
			);
			productName = BestBrowser;
			productReference = C7D90D2B29CD7418000F128B /* PointingBrowser.app */;
			productType = "com.apple.product-type.application";
		};
/* End PBXNativeTarget section */

/* Begin PBXProject section */
		C7D90D2329CD7418000F128B /* Project object */ = {
			isa = PBXProject;
			attributes = {
				BuildIndependentTargetsInParallel = 1;
				LastSwiftUpdateCheck = 1420;
				LastUpgradeCheck = 1420;
				TargetAttributes = {
					C7D90D2A29CD7418000F128B = {
						CreatedOnToolsVersion = 14.2;
					};
				};
			};
			buildConfigurationList = C7D90D2629CD7418000F128B /* Build configuration list for PBXProject "PointingBrowser" */;
			compatibilityVersion = "Xcode 14.0";
			developmentRegion = en;
			hasScannedForEncodings = 0;
			knownRegions = (
				en,
				Base,
			);
			mainGroup = C7D90D2229CD7418000F128B;
			packageReferences = (
				C7D4AE8329D1610F005CD7BA /* XCRemoteSwiftPackageReference "firebase-ios-sdk" */,
				C7D4AE8A29D16178005CD7BA /* XCRemoteSwiftPackageReference "facebook-ios-sdk" */,
				C7D2126C29D42AF20081D7EB /* XCRemoteSwiftPackageReference "GoogleMobileAds" */,
			);
			productRefGroup = C7D90D2C29CD7418000F128B /* Products */;
			projectDirPath = "";
			projectRoot = "";
			targets = (
				C7D90D2A29CD7418000F128B /* PointingBrowser */,
			);
		};
/* End PBXProject section */

/* Begin PBXResourcesBuildPhase section */
		C7D90D2929CD7418000F128B /* Resources */ = {
			isa = PBXResourcesBuildPhase;
			buildActionMask = 2147483647;
			files = (
				C7D4AE6B29CED4EB005CD7BA /* TermsVC.xib in Resources */,
				C7D90D3B29CD741A000F128B /* LaunchScreen.storyboard in Resources */,
				C7D90D5329CD7D27000F128B /* HomeVC.xib in Resources */,
				C7D2127029D42BA10081D7EB /* GADConfig.json in Resources */,
				C7D90D4D29CD7D0F000F128B /* LaunchVC.xib in Resources */,
				C7D4AE7129CEE40D005CD7BA /* CleanVC.xib in Resources */,
				C7D90D3829CD741A000F128B /* Assets.xcassets in Resources */,
				C7D90D4329CD79B9000F128B /* Launch Screen.storyboard in Resources */,
				C7D4AE9F29D2D055005CD7BA /* GoogleService-Info.plist in Resources */,
				C7D90D3629CD7418000F128B /* Main.storyboard in Resources */,
				C7D4AE6529CD9EBC005CD7BA /* BrowserListVC.xib in Resources */,
			);
			runOnlyForDeploymentPostprocessing = 0;
		};
/* End PBXResourcesBuildPhase section */

/* Begin PBXSourcesBuildPhase section */
		C7D90D2729CD7418000F128B /* Sources */ = {
			isa = PBXSourcesBuildPhase;
			buildActionMask = 2147483647;
			files = (
				C7D4AE7029CEE40D005CD7BA /* CleanVC.swift in Sources */,
				C7D90D2F29CD7418000F128B /* AppDelegate.swift in Sources */,
				C7D90D5229CD7D27000F128B /* HomeVC.swift in Sources */,
				C7D90D4C29CD7D0F000F128B /* LaunchVC.swift in Sources */,
				C7D4AE6729CEC26B005CD7BA /* SettingView.swift in Sources */,
				C7D4AE6129CD97B7005CD7BA /* BrowserUtil.swift in Sources */,
				C7D2127429D42F300081D7EB /* GADNativeView.swift in Sources */,
				C7D90D3129CD7418000F128B /* SceneDelegate.swift in Sources */,
				C7D4AE5F29CD883B005CD7BA /* UIViewUtil.swift in Sources */,
				C7D4AE7329CEEAE9005CD7BA /* FIrebaseUtil.swift in Sources */,
				C7D4AE6D29CED9F3005CD7BA /* CleanView.swift in Sources */,
				C7D90D4929CD7C06000F128B /* AppUtil.swift in Sources */,
				C7D4AE6A29CED4EB005CD7BA /* TermsVC.swift in Sources */,
				C7D2127229D42CB70081D7EB /* GADUtil.swift in Sources */,
				C7D4AE6429CD9EBC005CD7BA /* BrowserListVC.swift in Sources */,
			);
			runOnlyForDeploymentPostprocessing = 0;
		};
/* End PBXSourcesBuildPhase section */

/* Begin PBXVariantGroup section */
		C7D90D3429CD7418000F128B /* Main.storyboard */ = {
			isa = PBXVariantGroup;
			children = (
				C7D90D3529CD7418000F128B /* Base */,
			);
			name = Main.storyboard;
			sourceTree = "<group>";
		};
		C7D90D3929CD741A000F128B /* LaunchScreen.storyboard */ = {
			isa = PBXVariantGroup;
			children = (
				C7D90D3A29CD741A000F128B /* Base */,
			);
			name = LaunchScreen.storyboard;
			sourceTree = "<group>";
		};
/* End PBXVariantGroup section */

/* Begin XCBuildConfiguration section */
		C7D90D3D29CD741A000F128B /* Debug */ = {
			isa = XCBuildConfiguration;
			buildSettings = {
				ALWAYS_SEARCH_USER_PATHS = NO;
				CLANG_ANALYZER_NONNULL = YES;
				CLANG_ANALYZER_NUMBER_OBJECT_CONVERSION = YES_AGGRESSIVE;
				CLANG_CXX_LANGUAGE_STANDARD = "gnu++20";
				CLANG_ENABLE_MODULES = YES;
				CLANG_ENABLE_OBJC_ARC = YES;
				CLANG_ENABLE_OBJC_WEAK = YES;
				CLANG_WARN_BLOCK_CAPTURE_AUTORELEASING = YES;
				CLANG_WARN_BOOL_CONVERSION = YES;
				CLANG_WARN_COMMA = YES;
				CLANG_WARN_CONSTANT_CONVERSION = YES;
				CLANG_WARN_DEPRECATED_OBJC_IMPLEMENTATIONS = YES;
				CLANG_WARN_DIRECT_OBJC_ISA_USAGE = YES_ERROR;
				CLANG_WARN_DOCUMENTATION_COMMENTS = YES;
				CLANG_WARN_EMPTY_BODY = YES;
				CLANG_WARN_ENUM_CONVERSION = YES;
				CLANG_WARN_INFINITE_RECURSION = YES;
				CLANG_WARN_INT_CONVERSION = YES;
				CLANG_WARN_NON_LITERAL_NULL_CONVERSION = YES;
				CLANG_WARN_OBJC_IMPLICIT_RETAIN_SELF = YES;
				CLANG_WARN_OBJC_LITERAL_CONVERSION = YES;
				CLANG_WARN_OBJC_ROOT_CLASS = YES_ERROR;
				CLANG_WARN_QUOTED_INCLUDE_IN_FRAMEWORK_HEADER = YES;
				CLANG_WARN_RANGE_LOOP_ANALYSIS = YES;
				CLANG_WARN_STRICT_PROTOTYPES = YES;
				CLANG_WARN_SUSPICIOUS_MOVE = YES;
				CLANG_WARN_UNGUARDED_AVAILABILITY = YES_AGGRESSIVE;
				CLANG_WARN_UNREACHABLE_CODE = YES;
				CLANG_WARN__DUPLICATE_METHOD_MATCH = YES;
				COPY_PHASE_STRIP = NO;
				DEBUG_INFORMATION_FORMAT = dwarf;
				ENABLE_STRICT_OBJC_MSGSEND = YES;
				ENABLE_TESTABILITY = YES;
				GCC_C_LANGUAGE_STANDARD = gnu11;
				GCC_DYNAMIC_NO_PIC = NO;
				GCC_NO_COMMON_BLOCKS = YES;
				GCC_OPTIMIZATION_LEVEL = 0;
				GCC_PREPROCESSOR_DEFINITIONS = (
					"DEBUG=1",
					"$(inherited)",
				);
				GCC_WARN_64_TO_32_BIT_CONVERSION = YES;
				GCC_WARN_ABOUT_RETURN_TYPE = YES_ERROR;
				GCC_WARN_UNDECLARED_SELECTOR = YES;
				GCC_WARN_UNINITIALIZED_AUTOS = YES_AGGRESSIVE;
				GCC_WARN_UNUSED_FUNCTION = YES;
				GCC_WARN_UNUSED_VARIABLE = YES;
				IPHONEOS_DEPLOYMENT_TARGET = 14.0;
				MTL_ENABLE_DEBUG_INFO = INCLUDE_SOURCE;
				MTL_FAST_MATH = YES;
				ONLY_ACTIVE_ARCH = YES;
				SDKROOT = iphoneos;
				SWIFT_ACTIVE_COMPILATION_CONDITIONS = DEBUG;
				SWIFT_OPTIMIZATION_LEVEL = "-Onone";
			};
			name = Debug;
		};
		C7D90D3E29CD741A000F128B /* Release */ = {
			isa = XCBuildConfiguration;
			buildSettings = {
				ALWAYS_SEARCH_USER_PATHS = NO;
				CLANG_ANALYZER_NONNULL = YES;
				CLANG_ANALYZER_NUMBER_OBJECT_CONVERSION = YES_AGGRESSIVE;
				CLANG_CXX_LANGUAGE_STANDARD = "gnu++20";
				CLANG_ENABLE_MODULES = YES;
				CLANG_ENABLE_OBJC_ARC = YES;
				CLANG_ENABLE_OBJC_WEAK = YES;
				CLANG_WARN_BLOCK_CAPTURE_AUTORELEASING = YES;
				CLANG_WARN_BOOL_CONVERSION = YES;
				CLANG_WARN_COMMA = YES;
				CLANG_WARN_CONSTANT_CONVERSION = YES;
				CLANG_WARN_DEPRECATED_OBJC_IMPLEMENTATIONS = YES;
				CLANG_WARN_DIRECT_OBJC_ISA_USAGE = YES_ERROR;
				CLANG_WARN_DOCUMENTATION_COMMENTS = YES;
				CLANG_WARN_EMPTY_BODY = YES;
				CLANG_WARN_ENUM_CONVERSION = YES;
				CLANG_WARN_INFINITE_RECURSION = YES;
				CLANG_WARN_INT_CONVERSION = YES;
				CLANG_WARN_NON_LITERAL_NULL_CONVERSION = YES;
				CLANG_WARN_OBJC_IMPLICIT_RETAIN_SELF = YES;
				CLANG_WARN_OBJC_LITERAL_CONVERSION = YES;
				CLANG_WARN_OBJC_ROOT_CLASS = YES_ERROR;
				CLANG_WARN_QUOTED_INCLUDE_IN_FRAMEWORK_HEADER = YES;
				CLANG_WARN_RANGE_LOOP_ANALYSIS = YES;
				CLANG_WARN_STRICT_PROTOTYPES = YES;
				CLANG_WARN_SUSPICIOUS_MOVE = YES;
				CLANG_WARN_UNGUARDED_AVAILABILITY = YES_AGGRESSIVE;
				CLANG_WARN_UNREACHABLE_CODE = YES;
				CLANG_WARN__DUPLICATE_METHOD_MATCH = YES;
				COPY_PHASE_STRIP = NO;
				DEBUG_INFORMATION_FORMAT = "dwarf-with-dsym";
				ENABLE_NS_ASSERTIONS = NO;
				ENABLE_STRICT_OBJC_MSGSEND = YES;
				GCC_C_LANGUAGE_STANDARD = gnu11;
				GCC_NO_COMMON_BLOCKS = YES;
				GCC_WARN_64_TO_32_BIT_CONVERSION = YES;
				GCC_WARN_ABOUT_RETURN_TYPE = YES_ERROR;
				GCC_WARN_UNDECLARED_SELECTOR = YES;
				GCC_WARN_UNINITIALIZED_AUTOS = YES_AGGRESSIVE;
				GCC_WARN_UNUSED_FUNCTION = YES;
				GCC_WARN_UNUSED_VARIABLE = YES;
				IPHONEOS_DEPLOYMENT_TARGET = 14.0;
				MTL_ENABLE_DEBUG_INFO = NO;
				MTL_FAST_MATH = YES;
				SDKROOT = iphoneos;
				SWIFT_COMPILATION_MODE = wholemodule;
				SWIFT_OPTIMIZATION_LEVEL = "-O";
				VALIDATE_PRODUCT = YES;
			};
			name = Release;
		};
		C7D90D4029CD741A000F128B /* Debug */ = {
			isa = XCBuildConfiguration;
			buildSettings = {
				ASSETCATALOG_COMPILER_APPICON_NAME = AppIcon;
				ASSETCATALOG_COMPILER_GLOBAL_ACCENT_COLOR_NAME = AccentColor;
				CODE_SIGN_IDENTITY = "Apple Development";
				CODE_SIGN_STYLE = Automatic;
				CURRENT_PROJECT_VERSION = 1;
				DEVELOPMENT_TEAM = 59CN4J44AC;
				GENERATE_INFOPLIST_FILE = YES;
				INFOPLIST_FILE = PointingBrowser/Info.plist;
				INFOPLIST_KEY_NSUserTrackingUsageDescription = "Please allow access to your activity tracking to provide personalized push services and reduce interference caused by irrelevant services.";
				INFOPLIST_KEY_UIApplicationSupportsIndirectInputEvents = YES;
				INFOPLIST_KEY_UILaunchStoryboardName = LaunchScreen;
				INFOPLIST_KEY_UIMainStoryboardFile = Main;
				INFOPLIST_KEY_UISupportedInterfaceOrientations = UIInterfaceOrientationPortrait;
				INFOPLIST_KEY_UISupportedInterfaceOrientations_iPad = "UIInterfaceOrientationLandscapeLeft UIInterfaceOrientationLandscapeRight UIInterfaceOrientationPortrait UIInterfaceOrientationPortraitUpsideDown";
				INFOPLIST_KEY_UIUserInterfaceStyle = Light;
				IPHONEOS_DEPLOYMENT_TARGET = 14.0;
				LD_RUNPATH_SEARCH_PATHS = (
					"$(inherited)",
					"@executable_path/Frameworks",
				);
				MARKETING_VERSION = 1.0.0;
				PRODUCT_BUNDLE_IDENTIFIER = com.pporinge.browser.test;
				PRODUCT_NAME = "$(TARGET_NAME)";
				PROVISIONING_PROFILE_SPECIFIER = "";
				SUPPORTED_PLATFORMS = "iphoneos iphonesimulator";
				SUPPORTS_MACCATALYST = NO;
				SUPPORTS_MAC_DESIGNED_FOR_IPHONE_IPAD = YES;
				SWIFT_EMIT_LOC_STRINGS = YES;
				SWIFT_VERSION = 5.0;
				TARGETED_DEVICE_FAMILY = 1;
			};
			name = Debug;
		};
		C7D90D4129CD741A000F128B /* Release */ = {
			isa = XCBuildConfiguration;
			buildSettings = {
				ASSETCATALOG_COMPILER_APPICON_NAME = AppIcon;
				ASSETCATALOG_COMPILER_GLOBAL_ACCENT_COLOR_NAME = AccentColor;
				CODE_SIGN_IDENTITY = "Apple Development";
				CODE_SIGN_STYLE = Automatic;
				CURRENT_PROJECT_VERSION = 1;
				DEVELOPMENT_TEAM = 59CN4J44AC;
				GENERATE_INFOPLIST_FILE = YES;
				INFOPLIST_FILE = PointingBrowser/Info.plist;
				INFOPLIST_KEY_NSUserTrackingUsageDescription = "Please allow access to your activity tracking to provide personalized push services and reduce interference caused by irrelevant services.";
				INFOPLIST_KEY_UIApplicationSupportsIndirectInputEvents = YES;
				INFOPLIST_KEY_UILaunchStoryboardName = LaunchScreen;
				INFOPLIST_KEY_UIMainStoryboardFile = Main;
				INFOPLIST_KEY_UISupportedInterfaceOrientations = UIInterfaceOrientationPortrait;
				INFOPLIST_KEY_UISupportedInterfaceOrientations_iPad = "UIInterfaceOrientationLandscapeLeft UIInterfaceOrientationLandscapeRight UIInterfaceOrientationPortrait UIInterfaceOrientationPortraitUpsideDown";
				INFOPLIST_KEY_UIUserInterfaceStyle = Light;
				IPHONEOS_DEPLOYMENT_TARGET = 14.0;
				LD_RUNPATH_SEARCH_PATHS = (
					"$(inherited)",
					"@executable_path/Frameworks",
				);
				MARKETING_VERSION = 1.0.0;
				PRODUCT_BUNDLE_IDENTIFIER = com.pporinge.browser.test;
				PRODUCT_NAME = "$(TARGET_NAME)";
				PROVISIONING_PROFILE_SPECIFIER = "";
				SUPPORTED_PLATFORMS = "iphoneos iphonesimulator";
				SUPPORTS_MACCATALYST = NO;
				SUPPORTS_MAC_DESIGNED_FOR_IPHONE_IPAD = YES;
				SWIFT_EMIT_LOC_STRINGS = YES;
				SWIFT_VERSION = 5.0;
				TARGETED_DEVICE_FAMILY = 1;
			};
			name = Release;
		};
/* End XCBuildConfiguration section */

/* Begin XCConfigurationList section */
		C7D90D2629CD7418000F128B /* Build configuration list for PBXProject "PointingBrowser" */ = {
			isa = XCConfigurationList;
			buildConfigurations = (
				C7D90D3D29CD741A000F128B /* Debug */,
				C7D90D3E29CD741A000F128B /* Release */,
			);
			defaultConfigurationIsVisible = 0;
			defaultConfigurationName = Release;
		};
		C7D90D3F29CD741A000F128B /* Build configuration list for PBXNativeTarget "PointingBrowser" */ = {
			isa = XCConfigurationList;
			buildConfigurations = (
				C7D90D4029CD741A000F128B /* Debug */,
				C7D90D4129CD741A000F128B /* Release */,
			);
			defaultConfigurationIsVisible = 0;
			defaultConfigurationName = Release;
		};
/* End XCConfigurationList section */

/* Begin XCRemoteSwiftPackageReference section */
		C7D2126C29D42AF20081D7EB /* XCRemoteSwiftPackageReference "GoogleMobileAds" */ = {
			isa = XCRemoteSwiftPackageReference;
			repositoryURL = "https://github.com/quanghits/GoogleMobileAds";
			requirement = {
				branch = main;
				kind = branch;
			};
		};
		C7D4AE8329D1610F005CD7BA /* XCRemoteSwiftPackageReference "firebase-ios-sdk" */ = {
			isa = XCRemoteSwiftPackageReference;
			repositoryURL = "https://github.com/firebase/firebase-ios-sdk";
			requirement = {
				kind = upToNextMajorVersion;
				minimumVersion = 9.0.0;
			};
		};
		C7D4AE8A29D16178005CD7BA /* XCRemoteSwiftPackageReference "facebook-ios-sdk" */ = {
			isa = XCRemoteSwiftPackageReference;
			repositoryURL = "https://github.com/facebook/facebook-ios-sdk";
			requirement = {
				branch = main;
				kind = branch;
			};
		};
/* End XCRemoteSwiftPackageReference section */

/* Begin XCSwiftPackageProductDependency section */
		C7D2126D29D42AF20081D7EB /* GoogleMobileAds */ = {
			isa = XCSwiftPackageProductDependency;
			package = C7D2126C29D42AF20081D7EB /* XCRemoteSwiftPackageReference "GoogleMobileAds" */;
			productName = GoogleMobileAds;
		};
		C7D4AE8429D1610F005CD7BA /* FirebaseAnalytics */ = {
			isa = XCSwiftPackageProductDependency;
			package = C7D4AE8329D1610F005CD7BA /* XCRemoteSwiftPackageReference "firebase-ios-sdk" */;
			productName = FirebaseAnalytics;
		};
		C7D4AE8629D1610F005CD7BA /* FirebaseCrashlytics */ = {
			isa = XCSwiftPackageProductDependency;
			package = C7D4AE8329D1610F005CD7BA /* XCRemoteSwiftPackageReference "firebase-ios-sdk" */;
			productName = FirebaseCrashlytics;
		};
		C7D4AE8829D1610F005CD7BA /* FirebaseRemoteConfig */ = {
			isa = XCSwiftPackageProductDependency;
			package = C7D4AE8329D1610F005CD7BA /* XCRemoteSwiftPackageReference "firebase-ios-sdk" */;
			productName = FirebaseRemoteConfig;
		};
		C7D4AE8B29D16178005CD7BA /* FacebookAEM */ = {
			isa = XCSwiftPackageProductDependency;
			package = C7D4AE8A29D16178005CD7BA /* XCRemoteSwiftPackageReference "facebook-ios-sdk" */;
			productName = FacebookAEM;
		};
		C7D4AE8D29D16178005CD7BA /* FacebookBasics */ = {
			isa = XCSwiftPackageProductDependency;
			package = C7D4AE8A29D16178005CD7BA /* XCRemoteSwiftPackageReference "facebook-ios-sdk" */;
			productName = FacebookBasics;
		};
		C7D4AE8F29D16178005CD7BA /* FacebookCore */ = {
			isa = XCSwiftPackageProductDependency;
			package = C7D4AE8A29D16178005CD7BA /* XCRemoteSwiftPackageReference "facebook-ios-sdk" */;
			productName = FacebookCore;
		};
/* End XCSwiftPackageProductDependency section */
	};
	rootObject = C7D90D2329CD7418000F128B /* Project object */;
}
